PODS:
  - Debugger (0.1.0)
  - FBSnapshotTestCase (2.1.4):
    - FBSnapshotTestCase/SwiftSupport (= 2.1.4)
  - FBSnapshotTestCase/Core (2.1.4)
  - FBSnapshotTestCase/SwiftSupport (2.1.4):
    - FBSnapshotTestCase/Core

DEPENDENCIES:
  - Debugger (from `../`)
  - FBSnapshotTestCase (~> 2.1.4)

SPEC REPOS:
  trunk:
    - FBSnapshotTestCase

EXTERNAL SOURCES:
  Debugger:
    :path: "../"

SPEC CHECKSUMS:
  Debugger: 71ecbc6a9a9848bba4ae62a38f97d2f5418fa665
  FBSnapshotTestCase: 094f9f314decbabe373b87cc339bea235a63e07a

PODFILE CHECKSUM: 4ef193a06eeceeda59658355c77d15e75f65b5bd

COCOAPODS: 1.9.1
